// !$*UTF8*$!
{
	archiveVersion = 1;
	classes = {
	};
	objectVersion = 56;
	objects = {

/* Begin PBXBuildFile section */
		271F55D82A696D54008184C7 /* Beethoven_-_Fur_Elise.mp3 in Resources */ = {isa = PBXBuildFile; fileRef = 271F55D72A696D54008184C7 /* Beethoven_-_Fur_Elise.mp3 */; };
		27456AE62A668DCE0088E279 /* MyMyCollabs.swift in Sources */ = {isa = PBXBuildFile; fileRef = 27456AE52A668DCE0088E279 /* MyMyCollabs.swift */; };
		276853472A6677D00051BF03 /* test.swift in Sources */ = {isa = PBXBuildFile; fileRef = 276853462A6677D00051BF03 /* test.swift */; };
		2768534A2A6678C80051BF03 /* MyProfileView.swift in Sources */ = {isa = PBXBuildFile; fileRef = 276853492A6678C80051BF03 /* MyProfileView.swift */; };
		27FD6C6F2A663851003E41B6 /* ProfileData.swift in Sources */ = {isa = PBXBuildFile; fileRef = 27FD6C6E2A663851003E41B6 /* ProfileData.swift */; };
		321BDFA12A56AEAF00A631FA /* C_LINK_CUYApp.swift in Sources */ = {isa = PBXBuildFile; fileRef = 321BDFA02A56AEAF00A631FA /* C_LINK_CUYApp.swift */; };
		321BDFA32A56AEAF00A631FA /* ContentView.swift in Sources */ = {isa = PBXBuildFile; fileRef = 321BDFA22A56AEAF00A631FA /* ContentView.swift */; };
		321BDFA52A56AEB200A631FA /* Assets.xcassets in Resources */ = {isa = PBXBuildFile; fileRef = 321BDFA42A56AEB200A631FA /* Assets.xcassets */; };
		321BDFA82A56AEB200A631FA /* Preview Assets.xcassets in Resources */ = {isa = PBXBuildFile; fileRef = 321BDFA72A56AEB200A631FA /* Preview Assets.xcassets */; };
		321BDFB32A58022C00A631FA /* MyProfile.swift in Sources */ = {isa = PBXBuildFile; fileRef = 321BDFB22A58022C00A631FA /* MyProfile.swift */; };
		32402CDF2A614FE20025D688 /* MyCollabs.swift in Sources */ = {isa = PBXBuildFile; fileRef = 32402CDB2A614FE20025D688 /* MyCollabs.swift */; };
		32402CE02A614FE20025D688 /* OtherUP.swift in Sources */ = {isa = PBXBuildFile; fileRef = 32402CD92A614FE20025D688 /* OtherUP.swift */; };
		32402CE12A614FE20025D688 /* SkillView.swift in Sources */ = {isa = PBXBuildFile; fileRef = 32402CDD2A614FE20025D688 /* SkillView.swift */; };
		32402CE22A614FE20025D688 /* ProfileVIew.swift in Sources */ = {isa = PBXBuildFile; fileRef = 32402CDE2A614FE20025D688 /* ProfileVIew.swift */; };
		32402CE42A614FE20025D688 /* ExperienceView.swift in Sources */ = {isa = PBXBuildFile; fileRef = 32402CDC2A614FE20025D688 /* ExperienceView.swift */; };
		3272B19D2A6926C800C7F5A6 /* MySkillView.swift in Sources */ = {isa = PBXBuildFile; fileRef = 3272B19C2A6926C800C7F5A6 /* MySkillView.swift */; };
		32A13BFA2A6540F600A4B72A /* ExplorePage.swift in Sources */ = {isa = PBXBuildFile; fileRef = 32A13BF92A6540F600A4B72A /* ExplorePage.swift */; };
		32A13BFC2A65436300A4B72A /* CollabsPage.swift in Sources */ = {isa = PBXBuildFile; fileRef = 32A13BFB2A65436300A4B72A /* CollabsPage.swift */; };
		32A13BFE2A65480400A4B72A /* MusicInfo.swift in Sources */ = {isa = PBXBuildFile; fileRef = 32A13BFD2A65480400A4B72A /* MusicInfo.swift */; };
		32A13C062A654D1600A4B72A /* Connections.swift in Sources */ = {isa = PBXBuildFile; fileRef = 32A13C052A654D1600A4B72A /* Connections.swift */; };
		32A13C082A6553E600A4B72A /* AddCollab.swift in Sources */ = {isa = PBXBuildFile; fileRef = 32A13C072A6553E600A4B72A /* AddCollab.swift */; };
		32A13C0C2A65557700A4B72A /* Notifications.swift in Sources */ = {isa = PBXBuildFile; fileRef = 32A13C0B2A65557700A4B72A /* Notifications.swift */; };
		366B57512A66968E00A43330 /* MyExperienceView.swift in Sources */ = {isa = PBXBuildFile; fileRef = 366B57502A66968E00A43330 /* MyExperienceView.swift */; };
		3689A76F2A662EA20013F118 /* UPBeforeLogin.swift in Sources */ = {isa = PBXBuildFile; fileRef = 3689A76E2A662EA20013F118 /* UPBeforeLogin.swift */; };
		3689A7712A662F320013F118 /* exploreBeforeLogin.swift in Sources */ = {isa = PBXBuildFile; fileRef = 3689A7702A662F320013F118 /* exploreBeforeLogin.swift */; };
		3689A7732A662FB00013F118 /* MusicInfoBeforeLogin.swift in Sources */ = {isa = PBXBuildFile; fileRef = 3689A7722A662FB00013F118 /* MusicInfoBeforeLogin.swift */; };
		B55B83442A663C3C004C3339 /* CollabsData.swift in Sources */ = {isa = PBXBuildFile; fileRef = B55B83432A663C3C004C3339 /* CollabsData.swift */; };
/* End PBXBuildFile section */

/* Begin PBXFileReference section */
		271F55D72A696D54008184C7 /* Beethoven_-_Fur_Elise.mp3 */ = {isa = PBXFileReference; lastKnownFileType = audio.mp3; name = "Beethoven_-_Fur_Elise.mp3"; path = "../../../../../Desktop/Beethoven_-_Fur_Elise.mp3"; sourceTree = "<group>"; };
		27456AE52A668DCE0088E279 /* MyMyCollabs.swift */ = {isa = PBXFileReference; lastKnownFileType = sourcecode.swift; path = MyMyCollabs.swift; sourceTree = "<group>"; };
		276853462A6677D00051BF03 /* test.swift */ = {isa = PBXFileReference; lastKnownFileType = sourcecode.swift; path = test.swift; sourceTree = "<group>"; };
		276853492A6678C80051BF03 /* MyProfileView.swift */ = {isa = PBXFileReference; lastKnownFileType = sourcecode.swift; path = MyProfileView.swift; sourceTree = "<group>"; };
		27FD6C6E2A663851003E41B6 /* ProfileData.swift */ = {isa = PBXFileReference; lastKnownFileType = sourcecode.swift; path = ProfileData.swift; sourceTree = "<group>"; };
		321BDF9D2A56AEAF00A631FA /* C_LINK_CUY.app */ = {isa = PBXFileReference; explicitFileType = wrapper.application; includeInIndex = 0; path = C_LINK_CUY.app; sourceTree = BUILT_PRODUCTS_DIR; };
		321BDFA02A56AEAF00A631FA /* C_LINK_CUYApp.swift */ = {isa = PBXFileReference; lastKnownFileType = sourcecode.swift; path = C_LINK_CUYApp.swift; sourceTree = "<group>"; };
		321BDFA22A56AEAF00A631FA /* ContentView.swift */ = {isa = PBXFileReference; lastKnownFileType = sourcecode.swift; path = ContentView.swift; sourceTree = "<group>"; };
		321BDFA42A56AEB200A631FA /* Assets.xcassets */ = {isa = PBXFileReference; lastKnownFileType = folder.assetcatalog; path = Assets.xcassets; sourceTree = "<group>"; };
		321BDFA72A56AEB200A631FA /* Preview Assets.xcassets */ = {isa = PBXFileReference; lastKnownFileType = folder.assetcatalog; path = "Preview Assets.xcassets"; sourceTree = "<group>"; };
		321BDFB22A58022C00A631FA /* MyProfile.swift */ = {isa = PBXFileReference; lastKnownFileType = sourcecode.swift; path = MyProfile.swift; sourceTree = "<group>"; };
		32402CD92A614FE20025D688 /* OtherUP.swift */ = {isa = PBXFileReference; lastKnownFileType = sourcecode.swift; path = OtherUP.swift; sourceTree = "<group>"; };
		32402CDB2A614FE20025D688 /* MyCollabs.swift */ = {isa = PBXFileReference; lastKnownFileType = sourcecode.swift; path = MyCollabs.swift; sourceTree = "<group>"; };
		32402CDC2A614FE20025D688 /* ExperienceView.swift */ = {isa = PBXFileReference; lastKnownFileType = sourcecode.swift; path = ExperienceView.swift; sourceTree = "<group>"; };
		32402CDD2A614FE20025D688 /* SkillView.swift */ = {isa = PBXFileReference; lastKnownFileType = sourcecode.swift; path = SkillView.swift; sourceTree = "<group>"; };
		32402CDE2A614FE20025D688 /* ProfileVIew.swift */ = {isa = PBXFileReference; lastKnownFileType = sourcecode.swift; path = ProfileVIew.swift; sourceTree = "<group>"; };
		3272B19C2A6926C800C7F5A6 /* MySkillView.swift */ = {isa = PBXFileReference; lastKnownFileType = sourcecode.swift; path = MySkillView.swift; sourceTree = "<group>"; };
		32A13BF92A6540F600A4B72A /* ExplorePage.swift */ = {isa = PBXFileReference; lastKnownFileType = sourcecode.swift; path = ExplorePage.swift; sourceTree = "<group>"; };
		32A13BFB2A65436300A4B72A /* CollabsPage.swift */ = {isa = PBXFileReference; lastKnownFileType = sourcecode.swift; path = CollabsPage.swift; sourceTree = "<group>"; };
		32A13BFD2A65480400A4B72A /* MusicInfo.swift */ = {isa = PBXFileReference; lastKnownFileType = sourcecode.swift; path = MusicInfo.swift; sourceTree = "<group>"; };
		32A13C052A654D1600A4B72A /* Connections.swift */ = {isa = PBXFileReference; lastKnownFileType = sourcecode.swift; path = Connections.swift; sourceTree = "<group>"; };
		32A13C072A6553E600A4B72A /* AddCollab.swift */ = {isa = PBXFileReference; lastKnownFileType = sourcecode.swift; path = AddCollab.swift; sourceTree = "<group>"; };
		32A13C0B2A65557700A4B72A /* Notifications.swift */ = {isa = PBXFileReference; lastKnownFileType = sourcecode.swift; path = Notifications.swift; sourceTree = "<group>"; };
		366B57502A66968E00A43330 /* MyExperienceView.swift */ = {isa = PBXFileReference; lastKnownFileType = sourcecode.swift; name = MyExperienceView.swift; path = ../MyExperienceView.swift; sourceTree = "<group>"; };
		3689A76E2A662EA20013F118 /* UPBeforeLogin.swift */ = {isa = PBXFileReference; lastKnownFileType = sourcecode.swift; path = UPBeforeLogin.swift; sourceTree = "<group>"; };
		3689A7702A662F320013F118 /* exploreBeforeLogin.swift */ = {isa = PBXFileReference; lastKnownFileType = sourcecode.swift; path = exploreBeforeLogin.swift; sourceTree = "<group>"; };
		3689A7722A662FB00013F118 /* MusicInfoBeforeLogin.swift */ = {isa = PBXFileReference; lastKnownFileType = sourcecode.swift; path = MusicInfoBeforeLogin.swift; sourceTree = "<group>"; };
		B55B83432A663C3C004C3339 /* CollabsData.swift */ = {isa = PBXFileReference; lastKnownFileType = sourcecode.swift; path = CollabsData.swift; sourceTree = "<group>"; };
/* End PBXFileReference section */

/* Begin PBXFrameworksBuildPhase section */
		321BDF9A2A56AEAF00A631FA /* Frameworks */ = {
			isa = PBXFrameworksBuildPhase;
			buildActionMask = 2147483647;
			files = (
			);
			runOnlyForDeploymentPostprocessing = 0;
		};
/* End PBXFrameworksBuildPhase section */

/* Begin PBXGroup section */
		276853452A6677B60051BF03 /* MyProfileViews */ = {
			isa = PBXGroup;
			children = (
				276853462A6677D00051BF03 /* test.swift */,
				276853492A6678C80051BF03 /* MyProfileView.swift */,
				27456AE52A668DCE0088E279 /* MyMyCollabs.swift */,
				3272B19C2A6926C800C7F5A6 /* MySkillView.swift */,
			);
			path = MyProfileViews;
			sourceTree = "<group>";
		};
		321BDF942A56AEAF00A631FA = {
			isa = PBXGroup;
			children = (
				321BDF9F2A56AEAF00A631FA /* C_LINK_CUY */,
				321BDF9E2A56AEAF00A631FA /* Products */,
			);
			sourceTree = "<group>";
		};
		321BDF9E2A56AEAF00A631FA /* Products */ = {
			isa = PBXGroup;
			children = (
				321BDF9D2A56AEAF00A631FA /* C_LINK_CUY.app */,
			);
			name = Products;
			sourceTree = "<group>";
		};
		321BDF9F2A56AEAF00A631FA /* C_LINK_CUY */ = {
			isa = PBXGroup;
			children = (
				3689A7702A662F320013F118 /* exploreBeforeLogin.swift */,
				3689A76E2A662EA20013F118 /* UPBeforeLogin.swift */,
				3689A7722A662FB00013F118 /* MusicInfoBeforeLogin.swift */,
				321BDFA02A56AEAF00A631FA /* C_LINK_CUYApp.swift */,
				321BDFA22A56AEAF00A631FA /* ContentView.swift */,
				32A13C0B2A65557700A4B72A /* Notifications.swift */,
				32A13BFD2A65480400A4B72A /* MusicInfo.swift */,
				32A13C052A654D1600A4B72A /* Connections.swift */,
				32A13BFB2A65436300A4B72A /* CollabsPage.swift */,
				32A13BF92A6540F600A4B72A /* ExplorePage.swift */,
				321BDFB22A58022C00A631FA /* MyProfile.swift */,
				276853452A6677B60051BF03 /* MyProfileViews */,
				32402CD92A614FE20025D688 /* OtherUP.swift */,
				32402CDE2A614FE20025D688 /* ProfileVIew.swift */,
				366B57502A66968E00A43330 /* MyExperienceView.swift */,
				32402CDC2A614FE20025D688 /* ExperienceView.swift */,
				32402CDB2A614FE20025D688 /* MyCollabs.swift */,
				32A13C072A6553E600A4B72A /* AddCollab.swift */,
				32402CDD2A614FE20025D688 /* SkillView.swift */,
				27FD6C6E2A663851003E41B6 /* ProfileData.swift */,
				B55B83432A663C3C004C3339 /* CollabsData.swift */,
				271F55D72A696D54008184C7 /* Beethoven_-_Fur_Elise.mp3 */,
				321BDFA42A56AEB200A631FA /* Assets.xcassets */,
				321BDFA62A56AEB200A631FA /* Preview Content */,
			);
			path = C_LINK_CUY;
			sourceTree = "<group>";
		};
		321BDFA62A56AEB200A631FA /* Preview Content */ = {
			isa = PBXGroup;
			children = (
				321BDFA72A56AEB200A631FA /* Preview Assets.xcassets */,
			);
			path = "Preview Content";
			sourceTree = "<group>";
		};
/* End PBXGroup section */

/* Begin PBXNativeTarget section */
		321BDF9C2A56AEAF00A631FA /* C_LINK_CUY */ = {
			isa = PBXNativeTarget;
			buildConfigurationList = 321BDFAB2A56AEB200A631FA /* Build configuration list for PBXNativeTarget "C_LINK_CUY" */;
			buildPhases = (
				321BDF992A56AEAF00A631FA /* Sources */,
				321BDF9A2A56AEAF00A631FA /* Frameworks */,
				321BDF9B2A56AEAF00A631FA /* Resources */,
			);
			buildRules = (
			);
			dependencies = (
			);
			name = C_LINK_CUY;
			productName = C_LINK_CUY;
			productReference = 321BDF9D2A56AEAF00A631FA /* C_LINK_CUY.app */;
			productType = "com.apple.product-type.application";
		};
/* End PBXNativeTarget section */

/* Begin PBXProject section */
		321BDF952A56AEAF00A631FA /* Project object */ = {
			isa = PBXProject;
			attributes = {
				BuildIndependentTargetsInParallel = 1;
				LastSwiftUpdateCheck = 1430;
				LastUpgradeCheck = 1430;
				TargetAttributes = {
					321BDF9C2A56AEAF00A631FA = {
						CreatedOnToolsVersion = 14.3.1;
					};
				};
			};
			buildConfigurationList = 321BDF982A56AEAF00A631FA /* Build configuration list for PBXProject "C_LINK_CUY" */;
			compatibilityVersion = "Xcode 14.0";
			developmentRegion = en;
			hasScannedForEncodings = 0;
			knownRegions = (
				en,
				Base,
			);
			mainGroup = 321BDF942A56AEAF00A631FA;
			productRefGroup = 321BDF9E2A56AEAF00A631FA /* Products */;
			projectDirPath = "";
			projectRoot = "";
			targets = (
				321BDF9C2A56AEAF00A631FA /* C_LINK_CUY */,
			);
		};
/* End PBXProject section */

/* Begin PBXResourcesBuildPhase section */
		321BDF9B2A56AEAF00A631FA /* Resources */ = {
			isa = PBXResourcesBuildPhase;
			buildActionMask = 2147483647;
			files = (
				321BDFA82A56AEB200A631FA /* Preview Assets.xcassets in Resources */,
				321BDFA52A56AEB200A631FA /* Assets.xcassets in Resources */,
				271F55D82A696D54008184C7 /* Beethoven_-_Fur_Elise.mp3 in Resources */,
			);
			runOnlyForDeploymentPostprocessing = 0;
		};
/* End PBXResourcesBuildPhase section */

/* Begin PBXSourcesBuildPhase section */
		321BDF992A56AEAF00A631FA /* Sources */ = {
			isa = PBXSourcesBuildPhase;
			buildActionMask = 2147483647;
			files = (
				276853472A6677D00051BF03 /* test.swift in Sources */,
				32402CE22A614FE20025D688 /* ProfileVIew.swift in Sources */,
				321BDFA32A56AEAF00A631FA /* ContentView.swift in Sources */,
				32402CE02A614FE20025D688 /* OtherUP.swift in Sources */,
				3272B19D2A6926C800C7F5A6 /* MySkillView.swift in Sources */,
				2768534A2A6678C80051BF03 /* MyProfileView.swift in Sources */,
				321BDFB32A58022C00A631FA /* MyProfile.swift in Sources */,
				32A13BFA2A6540F600A4B72A /* ExplorePage.swift in Sources */,
				32A13BFE2A65480400A4B72A /* MusicInfo.swift in Sources */,
				32A13BFC2A65436300A4B72A /* CollabsPage.swift in Sources */,
				3689A7732A662FB00013F118 /* MusicInfoBeforeLogin.swift in Sources */,
				32A13C062A654D1600A4B72A /* Connections.swift in Sources */,
				B55B83442A663C3C004C3339 /* CollabsData.swift in Sources */,
				32A13C0C2A65557700A4B72A /* Notifications.swift in Sources */,
				32A13C082A6553E600A4B72A /* AddCollab.swift in Sources */,
				27FD6C6F2A663851003E41B6 /* ProfileData.swift in Sources */,
				32402CE12A614FE20025D688 /* SkillView.swift in Sources */,
				27456AE62A668DCE0088E279 /* MyMyCollabs.swift in Sources */,
				32402CDF2A614FE20025D688 /* MyCollabs.swift in Sources */,
				366B57512A66968E00A43330 /* MyExperienceView.swift in Sources */,
				321BDFA12A56AEAF00A631FA /* C_LINK_CUYApp.swift in Sources */,
				32402CE42A614FE20025D688 /* ExperienceView.swift in Sources */,
				3689A7712A662F320013F118 /* exploreBeforeLogin.swift in Sources */,
				3689A76F2A662EA20013F118 /* UPBeforeLogin.swift in Sources */,
			);
			runOnlyForDeploymentPostprocessing = 0;
		};
/* End PBXSourcesBuildPhase section */

/* Begin XCBuildConfiguration section */
		321BDFA92A56AEB200A631FA /* Debug */ = {
			isa = XCBuildConfiguration;
			buildSettings = {
				ALWAYS_SEARCH_USER_PATHS = NO;
				CLANG_ANALYZER_NONNULL = YES;
				CLANG_ANALYZER_NUMBER_OBJECT_CONVERSION = YES_AGGRESSIVE;
				CLANG_CXX_LANGUAGE_STANDARD = "gnu++20";
				CLANG_ENABLE_MODULES = YES;
				CLANG_ENABLE_OBJC_ARC = YES;
				CLANG_ENABLE_OBJC_WEAK = YES;
				CLANG_WARN_BLOCK_CAPTURE_AUTORELEASING = YES;
				CLANG_WARN_BOOL_CONVERSION = YES;
				CLANG_WARN_COMMA = YES;
				CLANG_WARN_CONSTANT_CONVERSION = YES;
				CLANG_WARN_DEPRECATED_OBJC_IMPLEMENTATIONS = YES;
				CLANG_WARN_DIRECT_OBJC_ISA_USAGE = YES_ERROR;
				CLANG_WARN_DOCUMENTATION_COMMENTS = YES;
				CLANG_WARN_EMPTY_BODY = YES;
				CLANG_WARN_ENUM_CONVERSION = YES;
				CLANG_WARN_INFINITE_RECURSION = YES;
				CLANG_WARN_INT_CONVERSION = YES;
				CLANG_WARN_NON_LITERAL_NULL_CONVERSION = YES;
				CLANG_WARN_OBJC_IMPLICIT_RETAIN_SELF = YES;
				CLANG_WARN_OBJC_LITERAL_CONVERSION = YES;
				CLANG_WARN_OBJC_ROOT_CLASS = YES_ERROR;
				CLANG_WARN_QUOTED_INCLUDE_IN_FRAMEWORK_HEADER = YES;
				CLANG_WARN_RANGE_LOOP_ANALYSIS = YES;
				CLANG_WARN_STRICT_PROTOTYPES = YES;
				CLANG_WARN_SUSPICIOUS_MOVE = YES;
				CLANG_WARN_UNGUARDED_AVAILABILITY = YES_AGGRESSIVE;
				CLANG_WARN_UNREACHABLE_CODE = YES;
				CLANG_WARN__DUPLICATE_METHOD_MATCH = YES;
				COPY_PHASE_STRIP = NO;
				DEBUG_INFORMATION_FORMAT = dwarf;
				ENABLE_STRICT_OBJC_MSGSEND = YES;
				ENABLE_TESTABILITY = YES;
				GCC_C_LANGUAGE_STANDARD = gnu11;
				GCC_DYNAMIC_NO_PIC = NO;
				GCC_NO_COMMON_BLOCKS = YES;
				GCC_OPTIMIZATION_LEVEL = 0;
				GCC_PREPROCESSOR_DEFINITIONS = (
					"DEBUG=1",
					"$(inherited)",
				);
				GCC_WARN_64_TO_32_BIT_CONVERSION = YES;
				GCC_WARN_ABOUT_RETURN_TYPE = YES_ERROR;
				GCC_WARN_UNDECLARED_SELECTOR = YES;
				GCC_WARN_UNINITIALIZED_AUTOS = YES_AGGRESSIVE;
				GCC_WARN_UNUSED_FUNCTION = YES;
				GCC_WARN_UNUSED_VARIABLE = YES;
				IPHONEOS_DEPLOYMENT_TARGET = 16.4;
				MTL_ENABLE_DEBUG_INFO = INCLUDE_SOURCE;
				MTL_FAST_MATH = YES;
				ONLY_ACTIVE_ARCH = YES;
				SDKROOT = iphoneos;
				SWIFT_ACTIVE_COMPILATION_CONDITIONS = DEBUG;
				SWIFT_OPTIMIZATION_LEVEL = "-Onone";
			};
			name = Debug;
		};
		321BDFAA2A56AEB200A631FA /* Release */ = {
			isa = XCBuildConfiguration;
			buildSettings = {
				ALWAYS_SEARCH_USER_PATHS = NO;
				CLANG_ANALYZER_NONNULL = YES;
				CLANG_ANALYZER_NUMBER_OBJECT_CONVERSION = YES_AGGRESSIVE;
				CLANG_CXX_LANGUAGE_STANDARD = "gnu++20";
				CLANG_ENABLE_MODULES = YES;
				CLANG_ENABLE_OBJC_ARC = YES;
				CLANG_ENABLE_OBJC_WEAK = YES;
				CLANG_WARN_BLOCK_CAPTURE_AUTORELEASING = YES;
				CLANG_WARN_BOOL_CONVERSION = YES;
				CLANG_WARN_COMMA = YES;
				CLANG_WARN_CONSTANT_CONVERSION = YES;
				CLANG_WARN_DEPRECATED_OBJC_IMPLEMENTATIONS = YES;
				CLANG_WARN_DIRECT_OBJC_ISA_USAGE = YES_ERROR;
				CLANG_WARN_DOCUMENTATION_COMMENTS = YES;
				CLANG_WARN_EMPTY_BODY = YES;
				CLANG_WARN_ENUM_CONVERSION = YES;
				CLANG_WARN_INFINITE_RECURSION = YES;
				CLANG_WARN_INT_CONVERSION = YES;
				CLANG_WARN_NON_LITERAL_NULL_CONVERSION = YES;
				CLANG_WARN_OBJC_IMPLICIT_RETAIN_SELF = YES;
				CLANG_WARN_OBJC_LITERAL_CONVERSION = YES;
				CLANG_WARN_OBJC_ROOT_CLASS = YES_ERROR;
				CLANG_WARN_QUOTED_INCLUDE_IN_FRAMEWORK_HEADER = YES;
				CLANG_WARN_RANGE_LOOP_ANALYSIS = YES;
				CLANG_WARN_STRICT_PROTOTYPES = YES;
				CLANG_WARN_SUSPICIOUS_MOVE = YES;
				CLANG_WARN_UNGUARDED_AVAILABILITY = YES_AGGRESSIVE;
				CLANG_WARN_UNREACHABLE_CODE = YES;
				CLANG_WARN__DUPLICATE_METHOD_MATCH = YES;
				COPY_PHASE_STRIP = NO;
				DEBUG_INFORMATION_FORMAT = "dwarf-with-dsym";
				ENABLE_NS_ASSERTIONS = NO;
				ENABLE_STRICT_OBJC_MSGSEND = YES;
				GCC_C_LANGUAGE_STANDARD = gnu11;
				GCC_NO_COMMON_BLOCKS = YES;
				GCC_WARN_64_TO_32_BIT_CONVERSION = YES;
				GCC_WARN_ABOUT_RETURN_TYPE = YES_ERROR;
				GCC_WARN_UNDECLARED_SELECTOR = YES;
				GCC_WARN_UNINITIALIZED_AUTOS = YES_AGGRESSIVE;
				GCC_WARN_UNUSED_FUNCTION = YES;
				GCC_WARN_UNUSED_VARIABLE = YES;
				IPHONEOS_DEPLOYMENT_TARGET = 16.4;
				MTL_ENABLE_DEBUG_INFO = NO;
				MTL_FAST_MATH = YES;
				SDKROOT = iphoneos;
				SWIFT_COMPILATION_MODE = wholemodule;
				SWIFT_OPTIMIZATION_LEVEL = "-O";
				VALIDATE_PRODUCT = YES;
			};
			name = Release;
		};
		321BDFAC2A56AEB200A631FA /* Debug */ = {
			isa = XCBuildConfiguration;
			buildSettings = {
				ASSETCATALOG_COMPILER_APPICON_NAME = AppIcon;
				ASSETCATALOG_COMPILER_GLOBAL_ACCENT_COLOR_NAME = AccentColor;
				CODE_SIGN_STYLE = Automatic;
				CURRENT_PROJECT_VERSION = 1;
				DEVELOPMENT_ASSET_PATHS = "\"C_LINK_CUY/Preview Content\"";
				DEVELOPMENT_TEAM = 232PX256Y5;
				ENABLE_PREVIEWS = YES;
				GENERATE_INFOPLIST_FILE = YES;
				INFOPLIST_KEY_UIApplicationSceneManifest_Generation = YES;
				INFOPLIST_KEY_UIApplicationSupportsIndirectInputEvents = YES;
				INFOPLIST_KEY_UILaunchScreen_Generation = YES;
				INFOPLIST_KEY_UISupportedInterfaceOrientations_iPad = "UIInterfaceOrientationPortrait UIInterfaceOrientationPortraitUpsideDown UIInterfaceOrientationLandscapeLeft UIInterfaceOrientationLandscapeRight";
				INFOPLIST_KEY_UISupportedInterfaceOrientations_iPhone = "UIInterfaceOrientationPortrait UIInterfaceOrientationLandscapeLeft UIInterfaceOrientationLandscapeRight";
				LD_RUNPATH_SEARCH_PATHS = (
					"$(inherited)",
					"@executable_path/Frameworks",
				);
				MARKETING_VERSION = 1.0;
				PRODUCT_BUNDLE_IDENTIFIER = "Samantha.C-LINK-CUY";
				PRODUCT_NAME = "$(TARGET_NAME)";
				SWIFT_EMIT_LOC_STRINGS = YES;
				SWIFT_VERSION = 5.0;
				TARGETED_DEVICE_FAMILY = "1,2";
			};
			name = Debug;
		};
		321BDFAD2A56AEB200A631FA /* Release */ = {
			isa = XCBuildConfiguration;
			buildSettings = {
				ASSETCATALOG_COMPILER_APPICON_NAME = AppIcon;
				ASSETCATALOG_COMPILER_GLOBAL_ACCENT_COLOR_NAME = AccentColor;
				CODE_SIGN_STYLE = Automatic;
				CURRENT_PROJECT_VERSION = 1;
				DEVELOPMENT_ASSET_PATHS = "\"C_LINK_CUY/Preview Content\"";
				DEVELOPMENT_TEAM = 232PX256Y5;
				ENABLE_PREVIEWS = YES;
				GENERATE_INFOPLIST_FILE = YES;
				INFOPLIST_KEY_UIApplicationSceneManifest_Generation = YES;
				INFOPLIST_KEY_UIApplicationSupportsIndirectInputEvents = YES;
				INFOPLIST_KEY_UILaunchScreen_Generation = YES;
				INFOPLIST_KEY_UISupportedInterfaceOrientations_iPad = "UIInterfaceOrientationPortrait UIInterfaceOrientationPortraitUpsideDown UIInterfaceOrientationLandscapeLeft UIInterfaceOrientationLandscapeRight";
				INFOPLIST_KEY_UISupportedInterfaceOrientations_iPhone = "UIInterfaceOrientationPortrait UIInterfaceOrientationLandscapeLeft UIInterfaceOrientationLandscapeRight";
				LD_RUNPATH_SEARCH_PATHS = (
					"$(inherited)",
					"@executable_path/Frameworks",
				);
				MARKETING_VERSION = 1.0;
				PRODUCT_BUNDLE_IDENTIFIER = "Samantha.C-LINK-CUY";
				PRODUCT_NAME = "$(TARGET_NAME)";
				SWIFT_EMIT_LOC_STRINGS = YES;
				SWIFT_VERSION = 5.0;
				TARGETED_DEVICE_FAMILY = "1,2";
			};
			name = Release;
		};
/* End XCBuildConfiguration section */

/* Begin XCConfigurationList section */
		321BDF982A56AEAF00A631FA /* Build configuration list for PBXProject "C_LINK_CUY" */ = {
			isa = XCConfigurationList;
			buildConfigurations = (
				321BDFA92A56AEB200A631FA /* Debug */,
				321BDFAA2A56AEB200A631FA /* Release */,
			);
			defaultConfigurationIsVisible = 0;
			defaultConfigurationName = Release;
		};
		321BDFAB2A56AEB200A631FA /* Build configuration list for PBXNativeTarget "C_LINK_CUY" */ = {
			isa = XCConfigurationList;
			buildConfigurations = (
				321BDFAC2A56AEB200A631FA /* Debug */,
				321BDFAD2A56AEB200A631FA /* Release */,
			);
			defaultConfigurationIsVisible = 0;
			defaultConfigurationName = Release;
		};
/* End XCConfigurationList section */
	};
	rootObject = 321BDF952A56AEAF00A631FA /* Project object */;
}
